
Microsoft Visual Studio Solution File, Format Version 12.00
# Visual Studio Version 17
VisualStudioVersion = 17.7.34202.233
MinimumVisualStudioVersion = 10.0.40219.1
Project("{FAE04EC0-301F-11D3-BF4B-00C04F79EFBC}") = "OOP2", "OOP2\OOP2.csproj", "{FDF3613A-4145-47B2-91E3-10D2CE006AF9}"
EndProject
Project("{FAE04EC0-301F-11D3-BF4B-00C04F79EFBC}") = "OOP3", "OOP3\OOP3.csproj", "{CADD61B6-5F40-43D7-A417-BA15E40F6CE5}"
EndProject
Global
	GlobalSection(SolutionConfigurationPlatforms) = preSolution
		Debug|Any CPU = Debug|Any CPU
		Release|Any CPU = Release|Any CPU
	EndGlobalSection
	GlobalSection(ProjectConfigurationPlatforms) = postSolution
		{FDF3613A-4145-47B2-91E3-10D2CE006AF9}.Debug|Any CPU.ActiveCfg = Debug|Any CPU
		{FDF3613A-4145-47B2-91E3-10D2CE006AF9}.Debug|Any CPU.Build.0 = Debug|Any CPU
		{FDF3613A-4145-47B2-91E3-10D2CE006AF9}.Release|Any CPU.ActiveCfg = Release|Any CPU
		{FDF3613A-4145-47B2-91E3-10D2CE006AF9}.Release|Any CPU.Build.0 = Release|Any CPU
		{CADD61B6-5F40-43D7-A417-BA15E40F6CE5}.Debug|Any CPU.ActiveCfg = Debug|Any CPU
		{CADD61B6-5F40-43D7-A417-BA15E40F6CE5}.Debug|Any CPU.Build.0 = Debug|Any CPU
		{CADD61B6-5F40-43D7-A417-BA15E40F6CE5}.Release|Any CPU.ActiveCfg = Release|Any CPU
		{CADD61B6-5F40-43D7-A417-BA15E40F6CE5}.Release|Any CPU.Build.0 = Release|Any CPU
	EndGlobalSection
	GlobalSection(SolutionProperties) = preSolution
		HideSolutionNode = FALSE
	EndGlobalSection
	GlobalSection(ExtensibilityGlobals) = postSolution
		SolutionGuid = {957EE7BD-84A8-4F0A-9FE0-A12942FCFC84}
	EndGlobalSection
EndGlobal
